<?xml version="1.0" encoding="utf-8"?>
<Project ToolsVersion="4.0" xmlns="http://schemas.microsoft.com/developer/msbuild/2003">
  <ItemGroup>
    <Filter Include="Source Files">
      <UniqueIdentifier>{4FC737F1-C7A5-4376-A066-2A32D752A2FF}</UniqueIdentifier>
      <Extensions>cpp;c;cc;cxx;c++;cppm;ixx;def;odl;idl;hpj;bat;asm;asmx</Extensions>
    </Filter>
    <Filter Include="Header Files">
      <UniqueIdentifier>{93995380-89BD-4b04-88EB-625FBE52EBFB}</UniqueIdentifier>
      <Extensions>h;hh;hpp;hxx;h++;hm;inl;inc;ipp;xsd</Extensions>
    </Filter>
    <Filter Include="Resource Files">
      <UniqueIdentifier>{67DA6AB6-F800-4c08-8B7A-83BB121AAD01}</UniqueIdentifier>
      <Extensions>rc;ico;cur;bmp;dlg;rc2;rct;bin;rgs;gif;jpg;jpeg;jpe;resx;tiff;tif;png;wav;mfcribbon-ms</Extensions>
    </Filter>
    <Filter Include="Header Files\CoreLogicFiles">
      <UniqueIdentifier>{a29b93c6-b30d-4b82-834b-e6354aa98804}</UniqueIdentifier>
    </Filter>
    <Filter Include="Header Files\Objects">
      <UniqueIdentifier>{15bf1fe5-d24c-461c-acf8-4969a5d83c94}</UniqueIdentifier>
    </Filter>
    <Filter Include="Source Files\Objects">
      <UniqueIdentifier>{7496079d-8cee-4ad2-be70-fc1417327ee4}</UniqueIdentifier>
    </Filter>
    <Filter Include="Source Files\CoreLogicHandling">
      <UniqueIdentifier>{6545338c-b45b-4e5e-b998-c3f79f15d1fa}</UniqueIdentifier>
    </Filter>
    <Filter Include="Source Files\Utilities">
      <UniqueIdentifier>{89a6891e-d9cb-42d4-9b81-8f30b485164f}</UniqueIdentifier>
    </Filter>
    <Filter Include="Header Files\Utilities">
      <UniqueIdentifier>{d6e54bf0-80db-4e5c-b784-02d8db59d920}</UniqueIdentifier>
    </Filter>
  </ItemGroup>
  <ItemGroup>
    <ClCompile Include="CoreLogic.cpp">
      <Filter>Source Files\CoreLogicHandling</Filter>
    </ClCompile>
    <ClCompile Include="AdvancedBankManagementSystem.cpp">
      <Filter>Source Files\CoreLogicHandling</Filter>
    </ClCompile>
    <ClCompile Include="CoreData.cpp">
      <Filter>Source Files\CoreLogicHandling</Filter>
    </ClCompile>
    <ClCompile Include="Account.cpp">
      <Filter>Source Files\Objects</Filter>
    </ClCompile>
    <ClCompile Include="UserAccount.cpp">
      <Filter>Source Files\Objects</Filter>
    </ClCompile>
    <ClCompile Include="ManagerAccount.cpp">
      <Filter>Source Files\Objects</Filter>
    </ClCompile>
    <ClCompile Include="GeneralUtility.cpp">
      <Filter>Source Files\Utilities</Filter>
    </ClCompile>
    <ClCompile Include="FileUtility.cpp">
      <Filter>Source Files\Utilities</Filter>
    </ClCompile>
    <ClCompile Include="Transaction.cpp">
      <Filter>Source Files\Objects</Filter>
    </ClCompile>
    <ClCompile Include="BankAccount.cpp">
      <Filter>Source Files\Objects</Filter>
    </ClCompile>
  </ItemGroup>
  <ItemGroup>
    <ClInclude Include="CoreLogic.h">
      <Filter>Header Files\CoreLogicFiles</Filter>
    </ClInclude>
    <ClInclude Include="CoreData.h">
      <Filter>Header Files\CoreLogicFiles</Filter>
    </ClInclude>
    <ClInclude Include="Account.h">
      <Filter>Header Files\Objects</Filter>
    </ClInclude>
    <ClInclude Include="UserAccount.h">
      <Filter>Header Files\Objects</Filter>
    </ClInclude>
    <ClInclude Include="ManagerAccount.h">
      <Filter>Header Files\Objects</Filter>
    </ClInclude>
    <ClInclude Include="GeneralUtility.h">
      <Filter>Header Files\Utilities</Filter>
    </ClInclude>
    <ClInclude Include="FileUtility.h">
      <Filter>Header Files\Utilities</Filter>
    </ClInclude>
    <ClInclude Include="Transaction.h">
      <Filter>Header Files\Objects</Filter>
    </ClInclude>
    <ClInclude Include="BankAccount.h">
      <Filter>Header Files</Filter>
    </ClInclude>
  </ItemGroup>
</Project>